// !$*UTF8*$!
{
	archiveVersion = 1;
	classes = {
	};
	objectVersion = 46;
	objects = {

/* Begin PBXBuildFile section */
		DA43B5BF1D43B7A8001F6076 /* AppDelegate.swift in Sources */ = {isa = PBXBuildFile; fileRef = DA43B5BE1D43B7A8001F6076 /* AppDelegate.swift */; };
		DA43B5C11D43B7A8001F6076 /* SettingsViewController.swift in Sources */ = {isa = PBXBuildFile; fileRef = DA43B5C01D43B7A8001F6076 /* SettingsViewController.swift */; };
		DA43B5C41D43B7A8001F6076 /* Main.storyboard in Resources */ = {isa = PBXBuildFile; fileRef = DA43B5C21D43B7A8001F6076 /* Main.storyboard */; };
		DA43B5C61D43B7A8001F6076 /* Assets.xcassets in Resources */ = {isa = PBXBuildFile; fileRef = DA43B5C51D43B7A8001F6076 /* Assets.xcassets */; };
		DA43B5C91D43B7A8001F6076 /* LaunchScreen.storyboard in Resources */ = {isa = PBXBuildFile; fileRef = DA43B5C71D43B7A8001F6076 /* LaunchScreen.storyboard */; };
		DA43B5D11D43B87D001F6076 /* DetailSettingsViewController.swift in Sources */ = {isa = PBXBuildFile; fileRef = DA43B5D01D43B87D001F6076 /* DetailSettingsViewController.swift */; };
/* End PBXBuildFile section */

/* Begin PBXFileReference section */
		DA43B5BB1D43B7A8001F6076 /* SettingsTemplate.app */ = {isa = PBXFileReference; explicitFileType = wrapper.application; includeInIndex = 0; path = SettingsTemplate.app; sourceTree = BUILT_PRODUCTS_DIR; };
		DA43B5BE1D43B7A8001F6076 /* AppDelegate.swift */ = {isa = PBXFileReference; lastKnownFileType = sourcecode.swift; path = AppDelegate.swift; sourceTree = "<group>"; };
		DA43B5C01D43B7A8001F6076 /* SettingsViewController.swift */ = {isa = PBXFileReference; lastKnownFileType = sourcecode.swift; path = SettingsViewController.swift; sourceTree = "<group>"; };
		DA43B5C31D43B7A8001F6076 /* Base */ = {isa = PBXFileReference; lastKnownFileType = file.storyboard; name = Base; path = Base.lproj/Main.storyboard; sourceTree = "<group>"; };
		DA43B5C51D43B7A8001F6076 /* Assets.xcassets */ = {isa = PBXFileReference; lastKnownFileType = folder.assetcatalog; path = Assets.xcassets; sourceTree = "<group>"; };
		DA43B5C81D43B7A8001F6076 /* Base */ = {isa = PBXFileReference; lastKnownFileType = file.storyboard; name = Base; path = Base.lproj/LaunchScreen.storyboard; sourceTree = "<group>"; };
		DA43B5CA1D43B7A8001F6076 /* Info.plist */ = {isa = PBXFileReference; lastKnownFileType = text.plist.xml; path = Info.plist; sourceTree = "<group>"; };
		DA43B5D01D43B87D001F6076 /* DetailSettingsViewController.swift */ = {isa = PBXFileReference; fileEncoding = 4; lastKnownFileType = sourcecode.swift; path = DetailSettingsViewController.swift; sourceTree = "<group>"; };
/* End PBXFileReference section */

/* Begin PBXFrameworksBuildPhase section */
		DA43B5B81D43B7A8001F6076 /* Frameworks */ = {
			isa = PBXFrameworksBuildPhase;
			buildActionMask = 2147483647;
			files = (
			);
			runOnlyForDeploymentPostprocessing = 0;
		};
/* End PBXFrameworksBuildPhase section */

/* Begin PBXGroup section */
		DA43B5B21D43B7A7001F6076 = {
			isa = PBXGroup;
			children = (
				DA43B5BD1D43B7A8001F6076 /* SettingsTemplate */,
				DA43B5BC1D43B7A8001F6076 /* Products */,
			);
			sourceTree = "<group>";
		};
		DA43B5BC1D43B7A8001F6076 /* Products */ = {
			isa = PBXGroup;
			children = (
				DA43B5BB1D43B7A8001F6076 /* SettingsTemplate.app */,
			);
			name = Products;
			sourceTree = "<group>";
		};
		DA43B5BD1D43B7A8001F6076 /* SettingsTemplate */ = {
			isa = PBXGroup;
			children = (
				DA43B5BE1D43B7A8001F6076 /* AppDelegate.swift */,
				DA43B5C21D43B7A8001F6076 /* Main.storyboard */,
				DA43B5C01D43B7A8001F6076 /* SettingsViewController.swift */,
				DA43B5D01D43B87D001F6076 /* DetailSettingsViewController.swift */,
				DA43B5C51D43B7A8001F6076 /* Assets.xcassets */,
				DA43B5C71D43B7A8001F6076 /* LaunchScreen.storyboard */,
				DA43B5CA1D43B7A8001F6076 /* Info.plist */,
			);
			path = SettingsTemplate;
			sourceTree = "<group>";
		};
/* End PBXGroup section */

/* Begin PBXNativeTarget section */
		DA43B5BA1D43B7A8001F6076 /* SettingsTemplate */ = {
			isa = PBXNativeTarget;
			buildConfigurationList = DA43B5CD1D43B7A8001F6076 /* Build configuration list for PBXNativeTarget "SettingsTemplate" */;
			buildPhases = (
				DA43B5B71D43B7A8001F6076 /* Sources */,
				DA43B5B81D43B7A8001F6076 /* Frameworks */,
				DA43B5B91D43B7A8001F6076 /* Resources */,
			);
			buildRules = (
			);
			dependencies = (
			);
			name = SettingsTemplate;
			productName = SettingsTemplate;
			productReference = DA43B5BB1D43B7A8001F6076 /* SettingsTemplate.app */;
			productType = "com.apple.product-type.application";
		};
/* End PBXNativeTarget section */

/* Begin PBXProject section */
		DA43B5B31D43B7A7001F6076 /* Project object */ = {
			isa = PBXProject;
			attributes = {
				LastSwiftUpdateCheck = 0730;
				LastUpgradeCheck = 0730;
				ORGANIZATIONNAME = Montchat;
				TargetAttributes = {
					DA43B5BA1D43B7A8001F6076 = {
						CreatedOnToolsVersion = 7.3;
					};
				};
			};
			buildConfigurationList = DA43B5B61D43B7A7001F6076 /* Build configuration list for PBXProject "SettingsTemplate" */;
			compatibilityVersion = "Xcode 3.2";
			developmentRegion = English;
			hasScannedForEncodings = 0;
			knownRegions = (
				en,
				Base,
			);
			mainGroup = DA43B5B21D43B7A7001F6076;
			productRefGroup = DA43B5BC1D43B7A8001F6076 /* Products */;
			projectDirPath = "";
			projectRoot = "";
			targets = (
				DA43B5BA1D43B7A8001F6076 /* SettingsTemplate */,
			);
		};
/* End PBXProject section */

/* Begin PBXResourcesBuildPhase section */
		DA43B5B91D43B7A8001F6076 /* Resources */ = {
			isa = PBXResourcesBuildPhase;
			buildActionMask = 2147483647;
			files = (
				DA43B5C91D43B7A8001F6076 /* LaunchScreen.storyboard in Resources */,
				DA43B5C61D43B7A8001F6076 /* Assets.xcassets in Resources */,
				DA43B5C41D43B7A8001F6076 /* Main.storyboard in Resources */,
			);
			runOnlyForDeploymentPostprocessing = 0;
		};
/* End PBXResourcesBuildPhase section */

/* Begin PBXSourcesBuildPhase section */
		DA43B5B71D43B7A8001F6076 /* Sources */ = {
			isa = PBXSourcesBuildPhase;
			buildActionMask = 2147483647;
			files = (
				DA43B5C11D43B7A8001F6076 /* SettingsViewController.swift in Sources */,
				DA43B5D11D43B87D001F6076 /* DetailSettingsViewController.swift in Sources */,
				DA43B5BF1D43B7A8001F6076 /* AppDelegate.swift in Sources */,
			);
			runOnlyForDeploymentPostprocessing = 0;
		};
/* End PBXSourcesBuildPhase section */

/* Begin PBXVariantGroup section */
		DA43B5C21D43B7A8001F6076 /* Main.storyboard */ = {
			isa = PBXVariantGroup;
			children = (
				DA43B5C31D43B7A8001F6076 /* Base */,
			);
			name = Main.storyboard;
			sourceTree = "<group>";
		};
		DA43B5C71D43B7A8001F6076 /* LaunchScreen.storyboard */ = {
			isa = PBXVariantGroup;
			children = (
				DA43B5C81D43B7A8001F6076 /* Base */,
			);
			name = LaunchScreen.storyboard;
			sourceTree = "<group>";
		};
/* End PBXVariantGroup section */

/* Begin XCBuildConfiguration section */
		DA43B5CB1D43B7A8001F6076 /* Debug */ = {
			isa = XCBuildConfiguration;
			buildSettings = {
				ALWAYS_SEARCH_USER_PATHS = NO;
				CLANG_ANALYZER_NONNULL = YES;
				CLANG_CXX_LANGUAGE_STANDARD = "gnu++0x";
				CLANG_CXX_LIBRARY = "libc++";
				CLANG_ENABLE_MODULES = YES;
				CLANG_ENABLE_OBJC_ARC = YES;
				CLANG_WARN_BOOL_CONVERSION = YES;
				CLANG_WARN_CONSTANT_CONVERSION = YES;
				CLANG_WARN_DIRECT_OBJC_ISA_USAGE = YES_ERROR;
				CLANG_WARN_EMPTY_BODY = YES;
				CLANG_WARN_ENUM_CONVERSION = YES;
				CLANG_WARN_INT_CONVERSION = YES;
				CLANG_WARN_OBJC_ROOT_CLASS = YES_ERROR;
				CLANG_WARN_UNREACHABLE_CODE = YES;
				CLANG_WARN__DUPLICATE_METHOD_MATCH = YES;
				"CODE_SIGN_IDENTITY[sdk=iphoneos*]" = "iPhone Developer";
				COPY_PHASE_STRIP = NO;
				DEBUG_INFORMATION_FORMAT = dwarf;
				ENABLE_STRICT_OBJC_MSGSEND = YES;
				ENABLE_TESTABILITY = YES;
				GCC_C_LANGUAGE_STANDARD = gnu99;
				GCC_DYNAMIC_NO_PIC = NO;
				GCC_NO_COMMON_BLOCKS = YES;
				GCC_OPTIMIZATION_LEVEL = 0;
				GCC_PREPROCESSOR_DEFINITIONS = (
					"DEBUG=1",
					"$(inherited)",
				);
				GCC_WARN_64_TO_32_BIT_CONVERSION = YES;
				GCC_WARN_ABOUT_RETURN_TYPE = YES_ERROR;
				GCC_WARN_UNDECLARED_SELECTOR = YES;
				GCC_WARN_UNINITIALIZED_AUTOS = YES_AGGRESSIVE;
				GCC_WARN_UNUSED_FUNCTION = YES;
				GCC_WARN_UNUSED_VARIABLE = YES;
				IPHONEOS_DEPLOYMENT_TARGET = 9.3;
				MTL_ENABLE_DEBUG_INFO = YES;
				ONLY_ACTIVE_ARCH = YES;
				SDKROOT = iphoneos;
				SWIFT_OPTIMIZATION_LEVEL = "-Onone";
				TARGETED_DEVICE_FAMILY = "1,2";
			};
			name = Debug;
		};
		DA43B5CC1D43B7A8001F6076 /* Release */ = {
			isa = XCBuildConfiguration;
			buildSettings = {
				ALWAYS_SEARCH_USER_PATHS = NO;
				CLANG_ANALYZER_NONNULL = YES;
				CLANG_CXX_LANGUAGE_STANDARD = "gnu++0x";
				CLANG_CXX_LIBRARY = "libc++";
				CLANG_ENABLE_MODULES = YES;
				CLANG_ENABLE_OBJC_ARC = YES;
				CLANG_WARN_BOOL_CONVERSION = YES;
				CLANG_WARN_CONSTANT_CONVERSION = YES;
				CLANG_WARN_DIRECT_OBJC_ISA_USAGE = YES_ERROR;
				CLANG_WARN_EMPTY_BODY = YES;
				CLANG_WARN_ENUM_CONVERSION = YES;
				CLANG_WARN_INT_CONVERSION = YES;
				CLANG_WARN_OBJC_ROOT_CLASS = YES_ERROR;
				CLANG_WARN_UNREACHABLE_CODE = YES;
				CLANG_WARN__DUPLICATE_METHOD_MATCH = YES;
				"CODE_SIGN_IDENTITY[sdk=iphoneos*]" = "iPhone Developer";
				COPY_PHASE_STRIP = NO;
				DEBUG_INFORMATION_FORMAT = "dwarf-with-dsym";
				ENABLE_NS_ASSERTIONS = NO;
				ENABLE_STRICT_OBJC_MSGSEND = YES;
				GCC_C_LANGUAGE_STANDARD = gnu99;
				GCC_NO_COMMON_BLOCKS = YES;
				GCC_WARN_64_TO_32_BIT_CONVERSION = YES;
				GCC_WARN_ABOUT_RETURN_TYPE = YES_ERROR;
				GCC_WARN_UNDECLARED_SELECTOR = YES;
				GCC_WARN_UNINITIALIZED_AUTOS = YES_AGGRESSIVE;
				GCC_WARN_UNUSED_FUNCTION = YES;
				GCC_WARN_UNUSED_VARIABLE = YES;
				IPHONEOS_DEPLOYMENT_TARGET = 9.3;
				MTL_ENABLE_DEBUG_INFO = NO;
				SDKROOT = iphoneos;
				TARGETED_DEVICE_FAMILY = "1,2";
				VALIDATE_PRODUCT = YES;
			};
			name = Release;
		};
		DA43B5CE1D43B7A8001F6076 /* Debug */ = {
			isa = XCBuildConfiguration;
			buildSettings = {
				ASSETCATALOG_COMPILER_APPICON_NAME = AppIcon;
				INFOPLIST_FILE = SettingsTemplate/Info.plist;
				LD_RUNPATH_SEARCH_PATHS = "$(inherited) @executable_path/Frameworks";
				PRODUCT_BUNDLE_IDENTIFIER = com.Montchat.SettingsTemplate;
				PRODUCT_NAME = "$(TARGET_NAME)";
			};
			name = Debug;
		};
		DA43B5CF1D43B7A8001F6076 /* Release */ = {
			isa = XCBuildConfiguration;
			buildSettings = {
				ASSETCATALOG_COMPILER_APPICON_NAME = AppIcon;
				INFOPLIST_FILE = SettingsTemplate/Info.plist;
				LD_RUNPATH_SEARCH_PATHS = "$(inherited) @executable_path/Frameworks";
				PRODUCT_BUNDLE_IDENTIFIER = com.Montchat.SettingsTemplate;
				PRODUCT_NAME = "$(TARGET_NAME)";
			};
			name = Release;
		};
/* End XCBuildConfiguration section */

/* Begin XCConfigurationList section */
		DA43B5B61D43B7A7001F6076 /* Build configuration list for PBXProject "SettingsTemplate" */ = {
			isa = XCConfigurationList;
			buildConfigurations = (
				DA43B5CB1D43B7A8001F6076 /* Debug */,
				DA43B5CC1D43B7A8001F6076 /* Release */,
			);
			defaultConfigurationIsVisible = 0;
			defaultConfigurationName = Release;
		};
		DA43B5CD1D43B7A8001F6076 /* Build configuration list for PBXNativeTarget "SettingsTemplate" */ = {
			isa = XCConfigurationList;
			buildConfigurations = (
				DA43B5CE1D43B7A8001F6076 /* Debug */,
				DA43B5CF1D43B7A8001F6076 /* Release */,
			);
			defaultConfigurationIsVisible = 0;
		};
/* End XCConfigurationList section */
	};
	rootObject = DA43B5B31D43B7A7001F6076 /* Project object */;
}
